#MicroXplorer Configuration settings - do not modify
CAD.formats=[]
CAD.pinconfig=Dual
CAD.provider=
File.Version=6
GPIO.groupedBy=Group By Peripherals
KeepUserPlacement=false
Mcu.CPN=STM32F401RCT6
Mcu.Family=STM32F4
Mcu.IP0=CRC
Mcu.IP1=NVIC
Mcu.IP2=RCC
Mcu.IP3=SYS
Mcu.IP4=TIM11
Mcu.IP5=USART1
Mcu.IP6=USART2
Mcu.IPNb=7
Mcu.Name=STM32F401R(B-C)Tx
Mcu.Package=LQFP64
Mcu.Pin0=PA0-WKUP
Mcu.Pin1=PA2
Mcu.Pin10=VP_TIM11_VS_no_output1
Mcu.Pin11=VP_STMicroelectronics.X-CUBE-AI_VS_ArtificialOoIntelligenceJjXAaCUBEAaAI_10.2.0
Mcu.Pin2=PA3
Mcu.Pin3=PA9
Mcu.Pin4=PA10
Mcu.Pin5=PA13
Mcu.Pin6=PA14
Mcu.Pin7=VP_CRC_VS_CRC
Mcu.Pin8=VP_SYS_VS_Systick
Mcu.Pin9=VP_TIM11_VS_ClockSourceINT
Mcu.PinsNb=12
Mcu.ThirdParty0=STMicroelectronics.X-CUBE-AI.10.2.0
Mcu.ThirdPartyNb=1
Mcu.UserConstants=
Mcu.UserName=STM32F401RCTx
MxCube.Version=6.14.1
MxDb.Version=DB.6.0.141
NVIC.BusFault_IRQn=true\:0\:0\:false\:false\:true\:false\:false\:false
NVIC.DebugMonitor_IRQn=true\:0\:0\:false\:false\:true\:false\:false\:false
NVIC.FPU_IRQn=true\:0\:0\:false\:false\:true\:true\:false\:true
NVIC.ForceEnableDMAVector=true
NVIC.HardFault_IRQn=true\:0\:0\:false\:false\:true\:false\:false\:false
NVIC.MemoryManagement_IRQn=true\:0\:0\:false\:false\:true\:false\:false\:false
NVIC.NonMaskableInt_IRQn=true\:0\:0\:false\:false\:true\:false\:false\:false
NVIC.PendSV_IRQn=true\:0\:0\:false\:false\:true\:false\:false\:false
NVIC.PriorityGroup=NVIC_PRIORITYGROUP_4
NVIC.SVCall_IRQn=true\:0\:0\:false\:false\:true\:false\:false\:false
NVIC.SysTick_IRQn=true\:15\:0\:false\:false\:true\:false\:true\:false
NVIC.TIM1_TRG_COM_TIM11_IRQn=true\:0\:0\:false\:false\:true\:true\:true\:true
NVIC.USART1_IRQn=true\:0\:0\:false\:false\:true\:true\:true\:true
NVIC.UsageFault_IRQn=true\:0\:0\:false\:false\:true\:false\:false\:false
PA0-WKUP.GPIOParameters=GPIO_PuPd,GPIO_Label
PA0-WKUP.GPIO_Label=BTN
PA0-WKUP.GPIO_PuPd=GPIO_PULLUP
PA0-WKUP.Locked=true
PA0-WKUP.Signal=GPIO_Input
PA10.Mode=Asynchronous
PA10.Signal=USART1_RX
PA13.Mode=Serial_Wire
PA13.Signal=SYS_JTMS-SWDIO
PA14.Mode=Serial_Wire
PA14.Signal=SYS_JTCK-SWCLK
PA2.Mode=Asynchronous
PA2.Signal=USART2_TX
PA3.Mode=Asynchronous
PA3.Signal=USART2_RX
PA9.Mode=Asynchronous
PA9.Signal=USART1_TX
PinOutPanel.RotationAngle=0
ProjectManager.AskForMigrate=true
ProjectManager.BackupPrevious=false
ProjectManager.CompilerLinker=GCC
ProjectManager.CompilerOptimize=6
ProjectManager.ComputerToolchain=false
ProjectManager.CoupleFile=true
ProjectManager.CustomerFirmwarePackage=
ProjectManager.DefaultFWLocation=true
ProjectManager.DeletePrevious=true
ProjectManager.DeviceId=STM32F401RCTx
ProjectManager.FirmwarePackage=STM32Cube FW_F4 V1.28.3
ProjectManager.FreePins=false
ProjectManager.HalAssertFull=false
ProjectManager.HeapSize=0x800
ProjectManager.KeepUserCode=true
ProjectManager.LastFirmware=true
ProjectManager.LibraryCopy=1
ProjectManager.MainLocation=Core/Src
ProjectManager.NoMain=false
ProjectManager.PreviousToolchain=
ProjectManager.ProjectBuild=false
ProjectManager.ProjectFileName=Moris_code.ioc
ProjectManager.ProjectName=Moris_code
ProjectManager.ProjectStructure=
ProjectManager.RegisterCallBack=
ProjectManager.StackSize=0x800
ProjectManager.TargetToolchain=STM32CubeIDE
ProjectManager.ToolChainLocation=
ProjectManager.UAScriptAfterPath=
ProjectManager.UAScriptBeforePath=
ProjectManager.UnderRoot=true
ProjectManager.functionlistsort=1-SystemClock_Config-RCC-false-HAL-false,2-MX_GPIO_Init-GPIO-false-HAL-true,3-MX_CRC_Init-CRC-false-HAL-true,4-MX_USART1_UART_Init-USART1-false-HAL-true,5-MX_USART2_UART_Init-USART2-false-HAL-true,6-MX_TIM11_Init-TIM11-false-HAL-true
RCC.48MHZClocksFreq_Value=24000000
RCC.AHBFreq_Value=84000000
RCC.APB1CLKDivider=RCC_HCLK_DIV2
RCC.APB1Freq_Value=42000000
RCC.APB1TimFreq_Value=84000000
RCC.APB2Freq_Value=84000000
RCC.APB2TimFreq_Value=84000000
RCC.CortexFreq_Value=84000000
RCC.FCLKCortexFreq_Value=84000000
RCC.HCLKFreq_Value=84000000
RCC.HSE_VALUE=25000000
RCC.HSI_VALUE=16000000
RCC.I2SClocksFreq_Value=192000000
RCC.IPParameters=48MHZClocksFreq_Value,AHBFreq_Value,APB1CLKDivider,APB1Freq_Value,APB1TimFreq_Value,APB2Freq_Value,APB2TimFreq_Value,CortexFreq_Value,FCLKCortexFreq_Value,HCLKFreq_Value,HSE_VALUE,HSI_VALUE,I2SClocksFreq_Value,LSE_VALUE,LSI_VALUE,MCO2PinFreq_Value,PLLCLKFreq_Value,PLLM,PLLN,PLLQ,PLLQCLKFreq_Value,RTCFreq_Value,RTCHSEDivFreq_Value,SYSCLKFreq_VALUE,SYSCLKSource,VCOI2SOutputFreq_Value,VCOInputFreq_Value,VCOOutputFreq_Value,VcooutputI2S
RCC.LSE_VALUE=32768
RCC.LSI_VALUE=32000
RCC.MCO2PinFreq_Value=84000000
RCC.PLLCLKFreq_Value=84000000
RCC.PLLM=8
RCC.PLLN=84
RCC.PLLQ=7
RCC.PLLQCLKFreq_Value=24000000
RCC.RTCFreq_Value=32000
RCC.RTCHSEDivFreq_Value=12500000
RCC.SYSCLKFreq_VALUE=84000000
RCC.SYSCLKSource=RCC_SYSCLKSOURCE_PLLCLK
RCC.VCOI2SOutputFreq_Value=384000000
RCC.VCOInputFreq_Value=2000000
RCC.VCOOutputFreq_Value=168000000
RCC.VcooutputI2S=192000000
STMicroelectronics.X-CUBE-AI.10.2.0.ActivationBufferSizeList=11776
STMicroelectronics.X-CUBE-AI.10.2.0.ActivationBuffers=pool0
STMicroelectronics.X-CUBE-AI.10.2.0.ActivationNames=pool0
STMicroelectronics.X-CUBE-AI.10.2.0.ActivationSizes=AI_NETWORK_DATA_ACTIVATION_1_SIZE
STMicroelectronics.X-CUBE-AI.10.2.0.ArtificialOoIntelligenceJjXAaCUBEAaAI_Checked=true
STMicroelectronics.X-CUBE-AI.10.2.0.HeapSize=0x800
STMicroelectronics.X-CUBE-AI.10.2.0.IPParameters=HeapSize,StackSize,ModelName-5d06fa211cce28734c915280069cd147d6e41d4e71027c1cc666ec31331a1140,ModelKind-5d06fa211cce28734c915280069cd147d6e41d4e71027c1cc666ec31331a1140,ModelCompression-5d06fa211cce28734c915280069cd147d6e41d4e71027c1cc666ec31331a1140,ModelHashList,ModelNameList,WorkingBufferStartAddrList,LatestDirectoryUsed-5d06fa211cce28734c915280069cd147d6e41d4e71027c1cc666ec31331a1140,ModelStructureFile-5d06fa211cce28734c915280069cd147d6e41d4e71027c1cc666ec31331a1140,ModelMacc-5d06fa211cce28734c915280069cd147d6e41d4e71027c1cc666ec31331a1140,ModelActualCompression-5d06fa211cce28734c915280069cd147d6e41d4e71027c1cc666ec31331a1140,ModelRamOccupation-5d06fa211cce28734c915280069cd147d6e41d4e71027c1cc666ec31331a1140,ModelFlashOccupation-5d06fa211cce28734c915280069cd147d6e41d4e71027c1cc666ec31331a1140,ModelType-5d06fa211cce28734c915280069cd147d6e41d4e71027c1cc666ec31331a1140,copyWeightToRam,useInputAllocation,useOutputAllocation,customLayerConfigEnabled,noOnnxIoTranspose,ActivationBuffers,ActivationSizes,ActivationNames,InternalRamActivationBufferMaxSize,ActivationBufferSizeList,MaximumNumberOfInputLayer,MaximumNumberOfOutputLayer,MaximumSizeOfInputLayer,MaximumSizeOfOutputLayer,ReadyForCodeGeneration,copyWeightToRam-5d06fa211cce28734c915280069cd147d6e41d4e71027c1cc666ec31331a1140,useInputAllocation-5d06fa211cce28734c915280069cd147d6e41d4e71027c1cc666ec31331a1140,useOutputAllocation-5d06fa211cce28734c915280069cd147d6e41d4e71027c1cc666ec31331a1140,customLayerConfigEnabled-5d06fa211cce28734c915280069cd147d6e41d4e71027c1cc666ec31331a1140,noOnnxIoTranspose-5d06fa211cce28734c915280069cd147d6e41d4e71027c1cc666ec31331a1140,XAaCUBEAaAICcArtificialOoIntelligenceJjCore
STMicroelectronics.X-CUBE-AI.10.2.0.InternalRamActivationBufferMaxSize=AI_NETWORK_DATA_ACTIVATIONS_SIZE
STMicroelectronics.X-CUBE-AI.10.2.0.LatestDirectoryUsed-5d06fa211cce28734c915280069cd147d6e41d4e71027c1cc666ec31331a1140=D\:\\EmbedML\\TinyML_projects\\Moris_code\\Model-Docs
STMicroelectronics.X-CUBE-AI.10.2.0.MaximumNumberOfInputLayer=1
STMicroelectronics.X-CUBE-AI.10.2.0.MaximumNumberOfOutputLayer=1
STMicroelectronics.X-CUBE-AI.10.2.0.MaximumSizeOfInputLayer=1
STMicroelectronics.X-CUBE-AI.10.2.0.MaximumSizeOfOutputLayer=1
STMicroelectronics.X-CUBE-AI.10.2.0.ModelActualCompression-5d06fa211cce28734c915280069cd147d6e41d4e71027c1cc666ec31331a1140=0.0
STMicroelectronics.X-CUBE-AI.10.2.0.ModelCompression-5d06fa211cce28734c915280069cd147d6e41d4e71027c1cc666ec31331a1140=None
STMicroelectronics.X-CUBE-AI.10.2.0.ModelFlashOccupation-5d06fa211cce28734c915280069cd147d6e41d4e71027c1cc666ec31331a1140=36947
STMicroelectronics.X-CUBE-AI.10.2.0.ModelHashList=5d06fa211cce28734c915280069cd147d6e41d4e71027c1cc666ec31331a1140
STMicroelectronics.X-CUBE-AI.10.2.0.ModelKind-5d06fa211cce28734c915280069cd147d6e41d4e71027c1cc666ec31331a1140=KERAS
STMicroelectronics.X-CUBE-AI.10.2.0.ModelMacc-5d06fa211cce28734c915280069cd147d6e41d4e71027c1cc666ec31331a1140=142448
STMicroelectronics.X-CUBE-AI.10.2.0.ModelName-5d06fa211cce28734c915280069cd147d6e41d4e71027c1cc666ec31331a1140=network
STMicroelectronics.X-CUBE-AI.10.2.0.ModelNameList=network
STMicroelectronics.X-CUBE-AI.10.2.0.ModelRamOccupation-5d06fa211cce28734c915280069cd147d6e41d4e71027c1cc666ec31331a1140=11776
STMicroelectronics.X-CUBE-AI.10.2.0.ModelStructureFile-5d06fa211cce28734c915280069cd147d6e41d4e71027c1cc666ec31331a1140=Model-Docs/morse_model.tflite
STMicroelectronics.X-CUBE-AI.10.2.0.ModelType-5d06fa211cce28734c915280069cd147d6e41d4e71027c1cc666ec31331a1140=STM32Cube.AI MCU runtime
STMicroelectronics.X-CUBE-AI.10.2.0.ReadyForCodeGeneration=true
STMicroelectronics.X-CUBE-AI.10.2.0.StackSize=0x800
STMicroelectronics.X-CUBE-AI.10.2.0.WorkingBufferStartAddrList=0xFFFFFFFF
STMicroelectronics.X-CUBE-AI.10.2.0.XAaCUBEAaAICcArtificialOoIntelligenceJjCore=true
STMicroelectronics.X-CUBE-AI.10.2.0.copyWeightToRam=false
STMicroelectronics.X-CUBE-AI.10.2.0.copyWeightToRam-5d06fa211cce28734c915280069cd147d6e41d4e71027c1cc666ec31331a1140=false
STMicroelectronics.X-CUBE-AI.10.2.0.customLayerConfigEnabled=false
STMicroelectronics.X-CUBE-AI.10.2.0.customLayerConfigEnabled-5d06fa211cce28734c915280069cd147d6e41d4e71027c1cc666ec31331a1140=false
STMicroelectronics.X-CUBE-AI.10.2.0.noOnnxIoTranspose=false
STMicroelectronics.X-CUBE-AI.10.2.0.noOnnxIoTranspose-5d06fa211cce28734c915280069cd147d6e41d4e71027c1cc666ec31331a1140=false
STMicroelectronics.X-CUBE-AI.10.2.0.useInputAllocation=true
STMicroelectronics.X-CUBE-AI.10.2.0.useInputAllocation-5d06fa211cce28734c915280069cd147d6e41d4e71027c1cc666ec31331a1140=true
STMicroelectronics.X-CUBE-AI.10.2.0.useOutputAllocation=true
STMicroelectronics.X-CUBE-AI.10.2.0.useOutputAllocation-5d06fa211cce28734c915280069cd147d6e41d4e71027c1cc666ec31331a1140=true
STMicroelectronics.X-CUBE-AI.10.2.0_SwParameter=XAaCUBEAaAICcArtificialOoIntelligenceJjCore\:true;
TIM11.AutoReloadPreload=TIM_AUTORELOAD_PRELOAD_ENABLE
TIM11.Channel=TIM_CHANNEL_1
TIM11.IPParameters=Channel,Prescaler,Period,OC1Preload,AutoReloadPreload
TIM11.OC1Preload=ENABLE
TIM11.Period=49999
TIM11.Prescaler=83
USART1.IPParameters=VirtualMode
USART1.VirtualMode=VM_ASYNC
USART2.IPParameters=VirtualMode
USART2.VirtualMode=VM_ASYNC
VP_CRC_VS_CRC.Mode=CRC_Activate
VP_CRC_VS_CRC.Signal=CRC_VS_CRC
VP_STMicroelectronics.X-CUBE-AI_VS_ArtificialOoIntelligenceJjXAaCUBEAaAI_10.2.0.Mode=ArtificialOoIntelligenceJjXAaCUBEAaAI
VP_STMicroelectronics.X-CUBE-AI_VS_ArtificialOoIntelligenceJjXAaCUBEAaAI_10.2.0.Signal=STMicroelectronics.X-CUBE-AI_VS_ArtificialOoIntelligenceJjXAaCUBEAaAI_10.2.0
VP_SYS_VS_Systick.Mode=SysTick
VP_SYS_VS_Systick.Signal=SYS_VS_Systick
VP_TIM11_VS_ClockSourceINT.Mode=Enable_Timer
VP_TIM11_VS_ClockSourceINT.Signal=TIM11_VS_ClockSourceINT
VP_TIM11_VS_no_output1.Mode=Output Compare1 No Output
VP_TIM11_VS_no_output1.Signal=TIM11_VS_no_output1
board=custom
isbadioc=false
